
Microsoft Visual Studio Solution File, Format Version 12.00
# Visual Studio 15
VisualStudioVersion = 15.0.27130.2027
MinimumVisualStudioVersion = 10.0.40219.1
Project("{FAE04EC0-301F-11D3-BF4B-00C04F79EFBC}") = "Linguagem", "Linguagem\Linguagem.csproj", "{91590F4A-44F4-4D2D-BF77-D7A2DF5FCF7B}"
EndProject
Project("{FAE04EC0-301F-11D3-BF4B-00C04F79EFBC}") = "Entidade", "Entidade\Entidade.csproj", "{3D9D974A-6AFA-42B7-8F8B-119C18BFA925}"
EndProject
Project("{FAE04EC0-301F-11D3-BF4B-00C04F79EFBC}") = "BancoDadosDB", "ClassLibrary1\BancoDadosDB.csproj", "{DC8E3EC4-48EC-4A3B-AE89-67FFBAEE7011}"
EndProject
Global
	GlobalSection(SolutionConfigurationPlatforms) = preSolution
		Debug|Any CPU = Debug|Any CPU
		Release|Any CPU = Release|Any CPU
	EndGlobalSection
	GlobalSection(ProjectConfigurationPlatforms) = postSolution
		{91590F4A-44F4-4D2D-BF77-D7A2DF5FCF7B}.Debug|Any CPU.ActiveCfg = Debug|Any CPU
		{91590F4A-44F4-4D2D-BF77-D7A2DF5FCF7B}.Debug|Any CPU.Build.0 = Debug|Any CPU
		{91590F4A-44F4-4D2D-BF77-D7A2DF5FCF7B}.Release|Any CPU.ActiveCfg = Release|Any CPU
		{91590F4A-44F4-4D2D-BF77-D7A2DF5FCF7B}.Release|Any CPU.Build.0 = Release|Any CPU
		{3D9D974A-6AFA-42B7-8F8B-119C18BFA925}.Debug|Any CPU.ActiveCfg = Debug|Any CPU
		{3D9D974A-6AFA-42B7-8F8B-119C18BFA925}.Debug|Any CPU.Build.0 = Debug|Any CPU
		{3D9D974A-6AFA-42B7-8F8B-119C18BFA925}.Release|Any CPU.ActiveCfg = Release|Any CPU
		{3D9D974A-6AFA-42B7-8F8B-119C18BFA925}.Release|Any CPU.Build.0 = Release|Any CPU
		{DC8E3EC4-48EC-4A3B-AE89-67FFBAEE7011}.Debug|Any CPU.ActiveCfg = Debug|Any CPU
		{DC8E3EC4-48EC-4A3B-AE89-67FFBAEE7011}.Debug|Any CPU.Build.0 = Debug|Any CPU
		{DC8E3EC4-48EC-4A3B-AE89-67FFBAEE7011}.Release|Any CPU.ActiveCfg = Release|Any CPU
		{DC8E3EC4-48EC-4A3B-AE89-67FFBAEE7011}.Release|Any CPU.Build.0 = Release|Any CPU
	EndGlobalSection
	GlobalSection(SolutionProperties) = preSolution
		HideSolutionNode = FALSE
	EndGlobalSection
	GlobalSection(ExtensibilityGlobals) = postSolution
		SolutionGuid = {17B69EB4-47E9-49F0-9767-30DCEF03AF52}
	EndGlobalSection
EndGlobal
